
Microsoft Visual Studio Solution File, Format Version 12.00
Project("{2150E333-8FDC-42A3-9474-1A3956D46DE8}") = "src", "src", "{47B754D6-A42D-4227-8378-37559DCE55EB}"
EndProject
Project("{2150E333-8FDC-42A3-9474-1A3956D46DE8}") = "tests", "tests", "{54A3B3CE-6616-49A4-9467-A835B3D1AE53}"
EndProject
Project("{2150E333-8FDC-42A3-9474-1A3956D46DE8}") = "Backend", "Backend", "{025C520B-7212-4137-BEE6-6A4095049127}"
EndProject
Project("{2150E333-8FDC-42A3-9474-1A3956D46DE8}") = "Shared", "Shared", "{2C814743-AE99-4258-B28A-AFA83A514BFA}"
EndProject
Project("{FAE04EC0-301F-11D3-BF4B-00C04F79EFBC}") = "MyRecipeBook", "src\Backend\MyRecipeBook\MyRecipeBook.csproj", "{61B846EF-147D-4E2C-8501-0B2A7EC8F1DE}"
EndProject
Project("{FAE04EC0-301F-11D3-BF4B-00C04F79EFBC}") = "MyRecipeBook.Application", "src\Backend\MyRecipeBook.Application\MyRecipeBook.Application.csproj", "{70433CE3-84DF-4A4E-B722-91F2D18ACD7B}"
EndProject
Project("{FAE04EC0-301F-11D3-BF4B-00C04F79EFBC}") = "MyRecipeBook.Domain", "src\Backend\MyRecipeBook.Domain\MyRecipeBook.Domain.csproj", "{0EB63F69-2AD3-4980-900E-6EC5827C8CA7}"
EndProject
Project("{FAE04EC0-301F-11D3-BF4B-00C04F79EFBC}") = "MyRecipeBook.Infrastructure", "src\Backend\MyRecipeBook.Infrastructure\MyRecipeBook.Infrastructure.csproj", "{C9E11692-1A78-4705-BE9E-EE1995A2557A}"
EndProject
Project("{FAE04EC0-301F-11D3-BF4B-00C04F79EFBC}") = "MyRecipeBook.Communication", "src\Shared\MyRecipeBook.Communication\MyRecipeBook.Communication.csproj", "{E20DCE65-A8CA-49CC-AB6D-37761168695A}"
EndProject
Project("{FAE04EC0-301F-11D3-BF4B-00C04F79EFBC}") = "MyRecipeBook.Exceptions", "src\Shared\MyRecipeBook.Exceptions\MyRecipeBook.Exceptions.csproj", "{EB189F97-957C-4AD0-8A23-BF4802922272}"
EndProject
Global
	GlobalSection(SolutionConfigurationPlatforms) = preSolution
		Debug|Any CPU = Debug|Any CPU
		Release|Any CPU = Release|Any CPU
	EndGlobalSection
	GlobalSection(NestedProjects) = preSolution
		{025C520B-7212-4137-BEE6-6A4095049127} = {47B754D6-A42D-4227-8378-37559DCE55EB}
		{2C814743-AE99-4258-B28A-AFA83A514BFA} = {47B754D6-A42D-4227-8378-37559DCE55EB}
		{61B846EF-147D-4E2C-8501-0B2A7EC8F1DE} = {025C520B-7212-4137-BEE6-6A4095049127}
		{70433CE3-84DF-4A4E-B722-91F2D18ACD7B} = {025C520B-7212-4137-BEE6-6A4095049127}
		{0EB63F69-2AD3-4980-900E-6EC5827C8CA7} = {025C520B-7212-4137-BEE6-6A4095049127}
		{C9E11692-1A78-4705-BE9E-EE1995A2557A} = {025C520B-7212-4137-BEE6-6A4095049127}
		{E20DCE65-A8CA-49CC-AB6D-37761168695A} = {2C814743-AE99-4258-B28A-AFA83A514BFA}
		{EB189F97-957C-4AD0-8A23-BF4802922272} = {2C814743-AE99-4258-B28A-AFA83A514BFA}
	EndGlobalSection
	GlobalSection(ProjectConfigurationPlatforms) = postSolution
		{61B846EF-147D-4E2C-8501-0B2A7EC8F1DE}.Debug|Any CPU.ActiveCfg = Debug|Any CPU
		{61B846EF-147D-4E2C-8501-0B2A7EC8F1DE}.Debug|Any CPU.Build.0 = Debug|Any CPU
		{61B846EF-147D-4E2C-8501-0B2A7EC8F1DE}.Release|Any CPU.ActiveCfg = Release|Any CPU
		{61B846EF-147D-4E2C-8501-0B2A7EC8F1DE}.Release|Any CPU.Build.0 = Release|Any CPU
		{70433CE3-84DF-4A4E-B722-91F2D18ACD7B}.Debug|Any CPU.ActiveCfg = Debug|Any CPU
		{70433CE3-84DF-4A4E-B722-91F2D18ACD7B}.Debug|Any CPU.Build.0 = Debug|Any CPU
		{70433CE3-84DF-4A4E-B722-91F2D18ACD7B}.Release|Any CPU.ActiveCfg = Release|Any CPU
		{70433CE3-84DF-4A4E-B722-91F2D18ACD7B}.Release|Any CPU.Build.0 = Release|Any CPU
		{0EB63F69-2AD3-4980-900E-6EC5827C8CA7}.Debug|Any CPU.ActiveCfg = Debug|Any CPU
		{0EB63F69-2AD3-4980-900E-6EC5827C8CA7}.Debug|Any CPU.Build.0 = Debug|Any CPU
		{0EB63F69-2AD3-4980-900E-6EC5827C8CA7}.Release|Any CPU.ActiveCfg = Release|Any CPU
		{0EB63F69-2AD3-4980-900E-6EC5827C8CA7}.Release|Any CPU.Build.0 = Release|Any CPU
		{C9E11692-1A78-4705-BE9E-EE1995A2557A}.Debug|Any CPU.ActiveCfg = Debug|Any CPU
		{C9E11692-1A78-4705-BE9E-EE1995A2557A}.Debug|Any CPU.Build.0 = Debug|Any CPU
		{C9E11692-1A78-4705-BE9E-EE1995A2557A}.Release|Any CPU.ActiveCfg = Release|Any CPU
		{C9E11692-1A78-4705-BE9E-EE1995A2557A}.Release|Any CPU.Build.0 = Release|Any CPU
		{E20DCE65-A8CA-49CC-AB6D-37761168695A}.Debug|Any CPU.ActiveCfg = Debug|Any CPU
		{E20DCE65-A8CA-49CC-AB6D-37761168695A}.Debug|Any CPU.Build.0 = Debug|Any CPU
		{E20DCE65-A8CA-49CC-AB6D-37761168695A}.Release|Any CPU.ActiveCfg = Release|Any CPU
		{E20DCE65-A8CA-49CC-AB6D-37761168695A}.Release|Any CPU.Build.0 = Release|Any CPU
		{EB189F97-957C-4AD0-8A23-BF4802922272}.Debug|Any CPU.ActiveCfg = Debug|Any CPU
		{EB189F97-957C-4AD0-8A23-BF4802922272}.Debug|Any CPU.Build.0 = Debug|Any CPU
		{EB189F97-957C-4AD0-8A23-BF4802922272}.Release|Any CPU.ActiveCfg = Release|Any CPU
		{EB189F97-957C-4AD0-8A23-BF4802922272}.Release|Any CPU.Build.0 = Release|Any CPU
	EndGlobalSection
EndGlobal
